
Microsoft Visual Studio Solution File, Format Version 12.00
# Visual Studio Version 17
VisualStudioVersion = 17.4.33205.214
MinimumVisualStudioVersion = 10.0.40219.1
Project("{9A19103F-16F7-4668-BE54-9A1E7A4F7556}") = "LabBench", "LabBench\LabBench.csproj", "{B452BF27-CD5C-453A-86C7-D107FF3A3335}"
EndProject
Global
	GlobalSection(SolutionConfigurationPlatforms) = preSolution
		Debug|Any CPU = Debug|Any CPU
		Release|Any CPU = Release|Any CPU
	EndGlobalSection
	GlobalSection(ProjectConfigurationPlatforms) = postSolution
		{B452BF27-CD5C-453A-86C7-D107FF3A3335}.Debug|Any CPU.ActiveCfg = Debug|Any CPU
		{B452BF27-CD5C-453A-86C7-D107FF3A3335}.Debug|Any CPU.Build.0 = Debug|Any CPU
		{B452BF27-CD5C-453A-86C7-D107FF3A3335}.Release|Any CPU.ActiveCfg = Release|Any CPU
		{B452BF27-CD5C-453A-86C7-D107FF3A3335}.Release|Any CPU.Build.0 = Release|Any CPU
	EndGlobalSection
	GlobalSection(SolutionProperties) = preSolution
		HideSolutionNode = FALSE
	EndGlobalSection
	GlobalSection(ExtensibilityGlobals) = postSolution
		SolutionGuid = {2A93B1E3-1169-4926-9177-B88BC26147ED}
	EndGlobalSection
EndGlobal
